github.com/google/go-cmp v0.6.0 h1:ofyhxvXcZhMsU5ulbFiLKl/XBFqE1GSq7atu8tAmTRI=
github.com/google/go-cmp v0.6.0/go.mod h1:17dUlkBOakJ0+DkrSSNjCkIjxS6bF9zb3elmeNGIjoY=
github.com/hashicorp/go-set/v2 v2.1.0 h1:iERPCQWks+I+4bTgy0CT2myZsCqNgBg79ZHqwniohXo=
github.com/hashicorp/go-set/v2 v2.1.0/go.mod h1:6q4nh8UCVZODn2tJ5RbJi8+ki7pjZBsAEYGt6yaGeTo=
github.com/shoenig/extractors v0.3.3 h1:uMHFeTNrk650B32PsPHmyPS5n/PqHJOIx8H8naDiiw0=
github.com/shoenig/extractors v0.3.3/go.mod h1:uTH43Vm+M7rkkLqsCPT3m1H8ydI93vMza0z5wyLlKi8=
github.com/shoenig/go-conceal v0.5.3 h1:MUkStmwzC+1+TjOntRbpcMNy5svCIVlXVDjwpo+JCzI=
github.com/shoenig/go-conceal v0.5.3/go.mod h1:vsx01rl2gFFGcDvOPnieoGeJrpziMRbVEyGde4mA1Zc=
github.com/shoenig/loggy v0.3.2 h1:wslRa9c+AsZTs57b31gLPrLjls4PirwWxWHPcObMpSs=
github.com/shoenig/loggy v0.3.2/go.mod h1:5ihCxS0fvm+TTV3fhi1cONSqbi2BFuRVlHZml8qzab4=
github.com/shoenig/test v1.7.0 h1:eWcHtTXa6QLnBvm0jgEabMRN/uJ4DMV3M8xUGgRkZmk=
github.com/shoenig/test v1.7.0/go.mod h1:UxJ6u/x2v/TNs/LoLxBNJRV9DiwBBKYxXSyczsBHFoI=
